
Microsoft Visual Studio Solution File, Format Version 12.00
# Visual Studio Version 16
VisualStudioVersion = 16.0.29920.165
MinimumVisualStudioVersion = 10.0.40219.1
Project("{FAE04EC0-301F-11D3-BF4B-00C04F79EFBC}") = "WebApplication1", "WebApplication1.csproj", "{759AE6AD-BD39-4B88-975F-BE7A3EED6020}"
EndProject
Global
	GlobalSection(SolutionConfigurationPlatforms) = preSolution
		Debug|Any CPU = Debug|Any CPU
		Release|Any CPU = Release|Any CPU
	EndGlobalSection
	GlobalSection(ProjectConfigurationPlatforms) = postSolution
		{759AE6AD-BD39-4B88-975F-BE7A3EED6020}.Debug|Any CPU.ActiveCfg = Debug|Any CPU
		{759AE6AD-BD39-4B88-975F-BE7A3EED6020}.Debug|Any CPU.Build.0 = Debug|Any CPU
		{759AE6AD-BD39-4B88-975F-BE7A3EED6020}.Release|Any CPU.ActiveCfg = Release|Any CPU
		{759AE6AD-BD39-4B88-975F-BE7A3EED6020}.Release|Any CPU.Build.0 = Release|Any CPU
	EndGlobalSection
	GlobalSection(SolutionProperties) = preSolution
		HideSolutionNode = FALSE
	EndGlobalSection
	GlobalSection(ExtensibilityGlobals) = postSolution
		SolutionGuid = {8D91A965-B8C0-42B7-AAEC-2FC26367E303}
	EndGlobalSection
EndGlobal
